// !$*UTF8*$!
{
	archiveVersion = 1;
	classes = {
	};
	objectVersion = 46;
	objects = {

/* Begin PBXBuildFile section */
		E5AD03A91A53A24A00CCDCC4 /* AppDelegate.swift in Sources */ = {isa = PBXBuildFile; fileRef = E5AD03A81A53A24A00CCDCC4 /* AppDelegate.swift */; };
		E5AD03AB1A53A24A00CCDCC4 /* ViewController.swift in Sources */ = {isa = PBXBuildFile; fileRef = E5AD03AA1A53A24A00CCDCC4 /* ViewController.swift */; };
		E5AD03AE1A53A24A00CCDCC4 /* Main.storyboard in Resources */ = {isa = PBXBuildFile; fileRef = E5AD03AC1A53A24A00CCDCC4 /* Main.storyboard */; };
		E5AD03B01A53A24B00CCDCC4 /* Images.xcassets in Resources */ = {isa = PBXBuildFile; fileRef = E5AD03AF1A53A24B00CCDCC4 /* Images.xcassets */; };
		E5AD03B31A53A24B00CCDCC4 /* LaunchScreen.xib in Resources */ = {isa = PBXBuildFile; fileRef = E5AD03B11A53A24B00CCDCC4 /* LaunchScreen.xib */; };
		E5AD03BF1A53A24B00CCDCC4 /* CountFingerTests.swift in Sources */ = {isa = PBXBuildFile; fileRef = E5AD03BE1A53A24B00CCDCC4 /* CountFingerTests.swift */; };
/* End PBXBuildFile section */

/* Begin PBXContainerItemProxy section */
		E5AD03B91A53A24B00CCDCC4 /* PBXContainerItemProxy */ = {
			isa = PBXContainerItemProxy;
			containerPortal = E5AD039B1A53A24A00CCDCC4 /* Project object */;
			proxyType = 1;
			remoteGlobalIDString = E5AD03A21A53A24A00CCDCC4;
			remoteInfo = CountFinger;
		};
/* End PBXContainerItemProxy section */

/* Begin PBXFileReference section */
		E5AD03A31A53A24A00CCDCC4 /* CountFinger.app */ = {isa = PBXFileReference; explicitFileType = wrapper.application; includeInIndex = 0; path = CountFinger.app; sourceTree = BUILT_PRODUCTS_DIR; };
		E5AD03A71A53A24A00CCDCC4 /* Info.plist */ = {isa = PBXFileReference; lastKnownFileType = text.plist.xml; path = Info.plist; sourceTree = "<group>"; };
		E5AD03A81A53A24A00CCDCC4 /* AppDelegate.swift */ = {isa = PBXFileReference; lastKnownFileType = sourcecode.swift; path = AppDelegate.swift; sourceTree = "<group>"; };
		E5AD03AA1A53A24A00CCDCC4 /* ViewController.swift */ = {isa = PBXFileReference; lastKnownFileType = sourcecode.swift; path = ViewController.swift; sourceTree = "<group>"; };
		E5AD03AD1A53A24A00CCDCC4 /* Base */ = {isa = PBXFileReference; lastKnownFileType = file.storyboard; name = Base; path = Base.lproj/Main.storyboard; sourceTree = "<group>"; };
		E5AD03AF1A53A24B00CCDCC4 /* Images.xcassets */ = {isa = PBXFileReference; lastKnownFileType = folder.assetcatalog; path = Images.xcassets; sourceTree = "<group>"; };
		E5AD03B21A53A24B00CCDCC4 /* Base */ = {isa = PBXFileReference; lastKnownFileType = file.xib; name = Base; path = Base.lproj/LaunchScreen.xib; sourceTree = "<group>"; };
		E5AD03B81A53A24B00CCDCC4 /* CountFingerTests.xctest */ = {isa = PBXFileReference; explicitFileType = wrapper.cfbundle; includeInIndex = 0; path = CountFingerTests.xctest; sourceTree = BUILT_PRODUCTS_DIR; };
		E5AD03BD1A53A24B00CCDCC4 /* Info.plist */ = {isa = PBXFileReference; lastKnownFileType = text.plist.xml; path = Info.plist; sourceTree = "<group>"; };
		E5AD03BE1A53A24B00CCDCC4 /* CountFingerTests.swift */ = {isa = PBXFileReference; lastKnownFileType = sourcecode.swift; path = CountFingerTests.swift; sourceTree = "<group>"; };
/* End PBXFileReference section */

/* Begin PBXFrameworksBuildPhase section */
		E5AD03A01A53A24A00CCDCC4 /* Frameworks */ = {
			isa = PBXFrameworksBuildPhase;
			buildActionMask = 2147483647;
			files = (
			);
			runOnlyForDeploymentPostprocessing = 0;
		};
		E5AD03B51A53A24B00CCDCC4 /* Frameworks */ = {
			isa = PBXFrameworksBuildPhase;
			buildActionMask = 2147483647;
			files = (
			);
			runOnlyForDeploymentPostprocessing = 0;
		};
/* End PBXFrameworksBuildPhase section */

/* Begin PBXGroup section */
		E5AD039A1A53A24A00CCDCC4 = {
			isa = PBXGroup;
			children = (
				E5AD03A51A53A24A00CCDCC4 /* CountFinger */,
				E5AD03BB1A53A24B00CCDCC4 /* CountFingerTests */,
				E5AD03A41A53A24A00CCDCC4 /* Products */,
			);
			sourceTree = "<group>";
		};
		E5AD03A41A53A24A00CCDCC4 /* Products */ = {
			isa = PBXGroup;
			children = (
				E5AD03A31A53A24A00CCDCC4 /* CountFinger.app */,
				E5AD03B81A53A24B00CCDCC4 /* CountFingerTests.xctest */,
			);
			name = Products;
			sourceTree = "<group>";
		};
		E5AD03A51A53A24A00CCDCC4 /* CountFinger */ = {
			isa = PBXGroup;
			children = (
				E5AD03A81A53A24A00CCDCC4 /* AppDelegate.swift */,
				E5AD03AA1A53A24A00CCDCC4 /* ViewController.swift */,
				E5AD03AC1A53A24A00CCDCC4 /* Main.storyboard */,
				E5AD03AF1A53A24B00CCDCC4 /* Images.xcassets */,
				E5AD03B11A53A24B00CCDCC4 /* LaunchScreen.xib */,
				E5AD03A61A53A24A00CCDCC4 /* Supporting Files */,
			);
			path = CountFinger;
			sourceTree = "<group>";
		};
		E5AD03A61A53A24A00CCDCC4 /* Supporting Files */ = {
			isa = PBXGroup;
			children = (
				E5AD03A71A53A24A00CCDCC4 /* Info.plist */,
			);
			name = "Supporting Files";
			sourceTree = "<group>";
		};
		E5AD03BB1A53A24B00CCDCC4 /* CountFingerTests */ = {
			isa = PBXGroup;
			children = (
				E5AD03BE1A53A24B00CCDCC4 /* CountFingerTests.swift */,
				E5AD03BC1A53A24B00CCDCC4 /* Supporting Files */,
			);
			path = CountFingerTests;
			sourceTree = "<group>";
		};
		E5AD03BC1A53A24B00CCDCC4 /* Supporting Files */ = {
			isa = PBXGroup;
			children = (
				E5AD03BD1A53A24B00CCDCC4 /* Info.plist */,
			);
			name = "Supporting Files";
			sourceTree = "<group>";
		};
/* End PBXGroup section */

/* Begin PBXNativeTarget section */
		E5AD03A21A53A24A00CCDCC4 /* CountFinger */ = {
			isa = PBXNativeTarget;
			buildConfigurationList = E5AD03C21A53A24B00CCDCC4 /* Build configuration list for PBXNativeTarget "CountFinger" */;
			buildPhases = (
				E5AD039F1A53A24A00CCDCC4 /* Sources */,
				E5AD03A01A53A24A00CCDCC4 /* Frameworks */,
				E5AD03A11A53A24A00CCDCC4 /* Resources */,
			);
			buildRules = (
			);
			dependencies = (
			);
			name = CountFinger;
			productName = CountFinger;
			productReference = E5AD03A31A53A24A00CCDCC4 /* CountFinger.app */;
			productType = "com.apple.product-type.application";
		};
		E5AD03B71A53A24B00CCDCC4 /* CountFingerTests */ = {
			isa = PBXNativeTarget;
			buildConfigurationList = E5AD03C51A53A24B00CCDCC4 /* Build configuration list for PBXNativeTarget "CountFingerTests" */;
			buildPhases = (
				E5AD03B41A53A24B00CCDCC4 /* Sources */,
				E5AD03B51A53A24B00CCDCC4 /* Frameworks */,
				E5AD03B61A53A24B00CCDCC4 /* Resources */,
			);
			buildRules = (
			);
			dependencies = (
				E5AD03BA1A53A24B00CCDCC4 /* PBXTargetDependency */,
			);
			name = CountFingerTests;
			productName = CountFingerTests;
			productReference = E5AD03B81A53A24B00CCDCC4 /* CountFingerTests.xctest */;
			productType = "com.apple.product-type.bundle.unit-test";
		};
/* End PBXNativeTarget section */

/* Begin PBXProject section */
		E5AD039B1A53A24A00CCDCC4 /* Project object */ = {
			isa = PBXProject;
			attributes = {
				LastUpgradeCheck = 0610;
				ORGANIZATIONNAME = Apricot;
				TargetAttributes = {
					E5AD03A21A53A24A00CCDCC4 = {
						CreatedOnToolsVersion = 6.1.1;
					};
					E5AD03B71A53A24B00CCDCC4 = {
						CreatedOnToolsVersion = 6.1.1;
						TestTargetID = E5AD03A21A53A24A00CCDCC4;
					};
				};
			};
			buildConfigurationList = E5AD039E1A53A24A00CCDCC4 /* Build configuration list for PBXProject "CountFinger" */;
			compatibilityVersion = "Xcode 3.2";
			developmentRegion = English;
			hasScannedForEncodings = 0;
			knownRegions = (
				en,
				Base,
			);
			mainGroup = E5AD039A1A53A24A00CCDCC4;
			productRefGroup = E5AD03A41A53A24A00CCDCC4 /* Products */;
			projectDirPath = "";
			projectRoot = "";
			targets = (
				E5AD03A21A53A24A00CCDCC4 /* CountFinger */,
				E5AD03B71A53A24B00CCDCC4 /* CountFingerTests */,
			);
		};
/* End PBXProject section */

/* Begin PBXResourcesBuildPhase section */
		E5AD03A11A53A24A00CCDCC4 /* Resources */ = {
			isa = PBXResourcesBuildPhase;
			buildActionMask = 2147483647;
			files = (
				E5AD03AE1A53A24A00CCDCC4 /* Main.storyboard in Resources */,
				E5AD03B31A53A24B00CCDCC4 /* LaunchScreen.xib in Resources */,
				E5AD03B01A53A24B00CCDCC4 /* Images.xcassets in Resources */,
			);
			runOnlyForDeploymentPostprocessing = 0;
		};
		E5AD03B61A53A24B00CCDCC4 /* Resources */ = {
			isa = PBXResourcesBuildPhase;
			buildActionMask = 2147483647;
			files = (
			);
			runOnlyForDeploymentPostprocessing = 0;
		};
/* End PBXResourcesBuildPhase section */

/* Begin PBXSourcesBuildPhase section */
		E5AD039F1A53A24A00CCDCC4 /* Sources */ = {
			isa = PBXSourcesBuildPhase;
			buildActionMask = 2147483647;
			files = (
				E5AD03AB1A53A24A00CCDCC4 /* ViewController.swift in Sources */,
				E5AD03A91A53A24A00CCDCC4 /* AppDelegate.swift in Sources */,
			);
			runOnlyForDeploymentPostprocessing = 0;
		};
		E5AD03B41A53A24B00CCDCC4 /* Sources */ = {
			isa = PBXSourcesBuildPhase;
			buildActionMask = 2147483647;
			files = (
				E5AD03BF1A53A24B00CCDCC4 /* CountFingerTests.swift in Sources */,
			);
			runOnlyForDeploymentPostprocessing = 0;
		};
/* End PBXSourcesBuildPhase section */

/* Begin PBXTargetDependency section */
		E5AD03BA1A53A24B00CCDCC4 /* PBXTargetDependency */ = {
			isa = PBXTargetDependency;
			target = E5AD03A21A53A24A00CCDCC4 /* CountFinger */;
			targetProxy = E5AD03B91A53A24B00CCDCC4 /* PBXContainerItemProxy */;
		};
/* End PBXTargetDependency section */

/* Begin PBXVariantGroup section */
		E5AD03AC1A53A24A00CCDCC4 /* Main.storyboard */ = {
			isa = PBXVariantGroup;
			children = (
				E5AD03AD1A53A24A00CCDCC4 /* Base */,
			);
			name = Main.storyboard;
			sourceTree = "<group>";
		};
		E5AD03B11A53A24B00CCDCC4 /* LaunchScreen.xib */ = {
			isa = PBXVariantGroup;
			children = (
				E5AD03B21A53A24B00CCDCC4 /* Base */,
			);
			name = LaunchScreen.xib;
			sourceTree = "<group>";
		};
/* End PBXVariantGroup section */

/* Begin XCBuildConfiguration section */
		E5AD03C01A53A24B00CCDCC4 /* Debug */ = {
			isa = XCBuildConfiguration;
			buildSettings = {
				ALWAYS_SEARCH_USER_PATHS = NO;
				CLANG_CXX_LANGUAGE_STANDARD = "gnu++0x";
				CLANG_CXX_LIBRARY = "libc++";
				CLANG_ENABLE_MODULES = YES;
				CLANG_ENABLE_OBJC_ARC = YES;
				CLANG_WARN_BOOL_CONVERSION = YES;
				CLANG_WARN_CONSTANT_CONVERSION = YES;
				CLANG_WARN_DIRECT_OBJC_ISA_USAGE = YES_ERROR;
				CLANG_WARN_EMPTY_BODY = YES;
				CLANG_WARN_ENUM_CONVERSION = YES;
				CLANG_WARN_INT_CONVERSION = YES;
				CLANG_WARN_OBJC_ROOT_CLASS = YES_ERROR;
				CLANG_WARN_UNREACHABLE_CODE = YES;
				CLANG_WARN__DUPLICATE_METHOD_MATCH = YES;
				"CODE_SIGN_IDENTITY[sdk=iphoneos*]" = "iPhone Developer";
				COPY_PHASE_STRIP = NO;
				ENABLE_STRICT_OBJC_MSGSEND = YES;
				GCC_C_LANGUAGE_STANDARD = gnu99;
				GCC_DYNAMIC_NO_PIC = NO;
				GCC_OPTIMIZATION_LEVEL = 0;
				GCC_PREPROCESSOR_DEFINITIONS = (
					"DEBUG=1",
					"$(inherited)",
				);
				GCC_SYMBOLS_PRIVATE_EXTERN = NO;
				GCC_WARN_64_TO_32_BIT_CONVERSION = YES;
				GCC_WARN_ABOUT_RETURN_TYPE = YES_ERROR;
				GCC_WARN_UNDECLARED_SELECTOR = YES;
				GCC_WARN_UNINITIALIZED_AUTOS = YES_AGGRESSIVE;
				GCC_WARN_UNUSED_FUNCTION = YES;
				GCC_WARN_UNUSED_VARIABLE = YES;
				IPHONEOS_DEPLOYMENT_TARGET = 8.1;
				MTL_ENABLE_DEBUG_INFO = YES;
				ONLY_ACTIVE_ARCH = YES;
				SDKROOT = iphoneos;
				SWIFT_OPTIMIZATION_LEVEL = "-Onone";
			};
			name = Debug;
		};
		E5AD03C11A53A24B00CCDCC4 /* Release */ = {
			isa = XCBuildConfiguration;
			buildSettings = {
				ALWAYS_SEARCH_USER_PATHS = NO;
				CLANG_CXX_LANGUAGE_STANDARD = "gnu++0x";
				CLANG_CXX_LIBRARY = "libc++";
				CLANG_ENABLE_MODULES = YES;
				CLANG_ENABLE_OBJC_ARC = YES;
				CLANG_WARN_BOOL_CONVERSION = YES;
				CLANG_WARN_CONSTANT_CONVERSION = YES;
				CLANG_WARN_DIRECT_OBJC_ISA_USAGE = YES_ERROR;
				CLANG_WARN_EMPTY_BODY = YES;
				CLANG_WARN_ENUM_CONVERSION = YES;
				CLANG_WARN_INT_CONVERSION = YES;
				CLANG_WARN_OBJC_ROOT_CLASS = YES_ERROR;
				CLANG_WARN_UNREACHABLE_CODE = YES;
				CLANG_WARN__DUPLICATE_METHOD_MATCH = YES;
				"CODE_SIGN_IDENTITY[sdk=iphoneos*]" = "iPhone Developer";
				COPY_PHASE_STRIP = YES;
				ENABLE_NS_ASSERTIONS = NO;
				ENABLE_STRICT_OBJC_MSGSEND = YES;
				GCC_C_LANGUAGE_STANDARD = gnu99;
				GCC_WARN_64_TO_32_BIT_CONVERSION = YES;
				GCC_WARN_ABOUT_RETURN_TYPE = YES_ERROR;
				GCC_WARN_UNDECLARED_SELECTOR = YES;
				GCC_WARN_UNINITIALIZED_AUTOS = YES_AGGRESSIVE;
				GCC_WARN_UNUSED_FUNCTION = YES;
				GCC_WARN_UNUSED_VARIABLE = YES;
				IPHONEOS_DEPLOYMENT_TARGET = 8.1;
				MTL_ENABLE_DEBUG_INFO = NO;
				SDKROOT = iphoneos;
				VALIDATE_PRODUCT = YES;
			};
			name = Release;
		};
		E5AD03C31A53A24B00CCDCC4 /* Debug */ = {
			isa = XCBuildConfiguration;
			buildSettings = {
				ASSETCATALOG_COMPILER_APPICON_NAME = AppIcon;
				INFOPLIST_FILE = CountFinger/Info.plist;
				LD_RUNPATH_SEARCH_PATHS = "$(inherited) @executable_path/Frameworks";
				PRODUCT_NAME = "$(TARGET_NAME)";
			};
			name = Debug;
		};
		E5AD03C41A53A24B00CCDCC4 /* Release */ = {
			isa = XCBuildConfiguration;
			buildSettings = {
				ASSETCATALOG_COMPILER_APPICON_NAME = AppIcon;
				INFOPLIST_FILE = CountFinger/Info.plist;
				LD_RUNPATH_SEARCH_PATHS = "$(inherited) @executable_path/Frameworks";
				PRODUCT_NAME = "$(TARGET_NAME)";
			};
			name = Release;
		};
		E5AD03C61A53A24B00CCDCC4 /* Debug */ = {
			isa = XCBuildConfiguration;
			buildSettings = {
				BUNDLE_LOADER = "$(TEST_HOST)";
				FRAMEWORK_SEARCH_PATHS = (
					"$(SDKROOT)/Developer/Library/Frameworks",
					"$(inherited)",
				);
				GCC_PREPROCESSOR_DEFINITIONS = (
					"DEBUG=1",
					"$(inherited)",
				);
				INFOPLIST_FILE = CountFingerTests/Info.plist;
				LD_RUNPATH_SEARCH_PATHS = "$(inherited) @executable_path/Frameworks @loader_path/Frameworks";
				PRODUCT_NAME = "$(TARGET_NAME)";
				TEST_HOST = "$(BUILT_PRODUCTS_DIR)/CountFinger.app/CountFinger";
			};
			name = Debug;
		};
		E5AD03C71A53A24B00CCDCC4 /* Release */ = {
			isa = XCBuildConfiguration;
			buildSettings = {
				BUNDLE_LOADER = "$(TEST_HOST)";
				FRAMEWORK_SEARCH_PATHS = (
					"$(SDKROOT)/Developer/Library/Frameworks",
					"$(inherited)",
				);
				INFOPLIST_FILE = CountFingerTests/Info.plist;
				LD_RUNPATH_SEARCH_PATHS = "$(inherited) @executable_path/Frameworks @loader_path/Frameworks";
				PRODUCT_NAME = "$(TARGET_NAME)";
				TEST_HOST = "$(BUILT_PRODUCTS_DIR)/CountFinger.app/CountFinger";
			};
			name = Release;
		};
/* End XCBuildConfiguration section */

/* Begin XCConfigurationList section */
		E5AD039E1A53A24A00CCDCC4 /* Build configuration list for PBXProject "CountFinger" */ = {
			isa = XCConfigurationList;
			buildConfigurations = (
				E5AD03C01A53A24B00CCDCC4 /* Debug */,
				E5AD03C11A53A24B00CCDCC4 /* Release */,
			);
			defaultConfigurationIsVisible = 0;
			defaultConfigurationName = Release;
		};
		E5AD03C21A53A24B00CCDCC4 /* Build configuration list for PBXNativeTarget "CountFinger" */ = {
			isa = XCConfigurationList;
			buildConfigurations = (
				E5AD03C31A53A24B00CCDCC4 /* Debug */,
				E5AD03C41A53A24B00CCDCC4 /* Release */,
			);
			defaultConfigurationIsVisible = 0;
		};
		E5AD03C51A53A24B00CCDCC4 /* Build configuration list for PBXNativeTarget "CountFingerTests" */ = {
			isa = XCConfigurationList;
			buildConfigurations = (
				E5AD03C61A53A24B00CCDCC4 /* Debug */,
				E5AD03C71A53A24B00CCDCC4 /* Release */,
			);
			defaultConfigurationIsVisible = 0;
		};
/* End XCConfigurationList section */
	};
	rootObject = E5AD039B1A53A24A00CCDCC4 /* Project object */;
}
